// !$*UTF8*$!
{
	archiveVersion = 1;
	classes = {
	};
	objectVersion = 46;
	objects = {

/* Begin PBXBuildFile section */
		E53DCB141BCDE1FB00F7D3C2 /* main.m in Sources */ = {isa = PBXBuildFile; fileRef = E53DCB131BCDE1FB00F7D3C2 /* main.m */; };
		E53DCB171BCDE1FB00F7D3C2 /* AppDelegate.m in Sources */ = {isa = PBXBuildFile; fileRef = E53DCB161BCDE1FB00F7D3C2 /* AppDelegate.m */; };
		E53DCB1A1BCDE1FB00F7D3C2 /* ViewController.m in Sources */ = {isa = PBXBuildFile; fileRef = E53DCB191BCDE1FB00F7D3C2 /* ViewController.m */; };
		E53DCB1D1BCDE1FB00F7D3C2 /* Main.storyboard in Resources */ = {isa = PBXBuildFile; fileRef = E53DCB1B1BCDE1FB00F7D3C2 /* Main.storyboard */; };
		E53DCB1F1BCDE1FB00F7D3C2 /* Assets.xcassets in Resources */ = {isa = PBXBuildFile; fileRef = E53DCB1E1BCDE1FB00F7D3C2 /* Assets.xcassets */; };
		E53DCB221BCDE1FB00F7D3C2 /* LaunchScreen.storyboard in Resources */ = {isa = PBXBuildFile; fileRef = E53DCB201BCDE1FB00F7D3C2 /* LaunchScreen.storyboard */; };
		E53DCB2A1BCDE34A00F7D3C2 /* File.xml in Resources */ = {isa = PBXBuildFile; fileRef = E53DCB291BCDE34A00F7D3C2 /* File.xml */; settings = {ASSET_TAGS = (); }; };
		E53DCB2D1BCDE7F500F7D3C2 /* ModalObj.m in Sources */ = {isa = PBXBuildFile; fileRef = E53DCB2C1BCDE7F500F7D3C2 /* ModalObj.m */; settings = {ASSET_TAGS = (); }; };
/* End PBXBuildFile section */

/* Begin PBXFileReference section */
		E53DCB0F1BCDE1FB00F7D3C2 /* NSXMLParser.app */ = {isa = PBXFileReference; explicitFileType = wrapper.application; includeInIndex = 0; path = NSXMLParser.app; sourceTree = BUILT_PRODUCTS_DIR; };
		E53DCB131BCDE1FB00F7D3C2 /* main.m */ = {isa = PBXFileReference; lastKnownFileType = sourcecode.c.objc; path = main.m; sourceTree = "<group>"; };
		E53DCB151BCDE1FB00F7D3C2 /* AppDelegate.h */ = {isa = PBXFileReference; lastKnownFileType = sourcecode.c.h; path = AppDelegate.h; sourceTree = "<group>"; };
		E53DCB161BCDE1FB00F7D3C2 /* AppDelegate.m */ = {isa = PBXFileReference; lastKnownFileType = sourcecode.c.objc; path = AppDelegate.m; sourceTree = "<group>"; };
		E53DCB181BCDE1FB00F7D3C2 /* ViewController.h */ = {isa = PBXFileReference; lastKnownFileType = sourcecode.c.h; path = ViewController.h; sourceTree = "<group>"; };
		E53DCB191BCDE1FB00F7D3C2 /* ViewController.m */ = {isa = PBXFileReference; lastKnownFileType = sourcecode.c.objc; path = ViewController.m; sourceTree = "<group>"; };
		E53DCB1C1BCDE1FB00F7D3C2 /* Base */ = {isa = PBXFileReference; lastKnownFileType = file.storyboard; name = Base; path = Base.lproj/Main.storyboard; sourceTree = "<group>"; };
		E53DCB1E1BCDE1FB00F7D3C2 /* Assets.xcassets */ = {isa = PBXFileReference; lastKnownFileType = folder.assetcatalog; path = Assets.xcassets; sourceTree = "<group>"; };
		E53DCB211BCDE1FB00F7D3C2 /* Base */ = {isa = PBXFileReference; lastKnownFileType = file.storyboard; name = Base; path = Base.lproj/LaunchScreen.storyboard; sourceTree = "<group>"; };
		E53DCB231BCDE1FB00F7D3C2 /* Info.plist */ = {isa = PBXFileReference; lastKnownFileType = text.plist.xml; path = Info.plist; sourceTree = "<group>"; };
		E53DCB291BCDE34A00F7D3C2 /* File.xml */ = {isa = PBXFileReference; fileEncoding = 4; lastKnownFileType = text.xml; path = File.xml; sourceTree = "<group>"; };
		E53DCB2B1BCDE7F500F7D3C2 /* ModalObj.h */ = {isa = PBXFileReference; fileEncoding = 4; lastKnownFileType = sourcecode.c.h; path = ModalObj.h; sourceTree = "<group>"; };
		E53DCB2C1BCDE7F500F7D3C2 /* ModalObj.m */ = {isa = PBXFileReference; fileEncoding = 4; lastKnownFileType = sourcecode.c.objc; path = ModalObj.m; sourceTree = "<group>"; };
/* End PBXFileReference section */

/* Begin PBXFrameworksBuildPhase section */
		E53DCB0C1BCDE1FB00F7D3C2 /* Frameworks */ = {
			isa = PBXFrameworksBuildPhase;
			buildActionMask = 2147483647;
			files = (
			);
			runOnlyForDeploymentPostprocessing = 0;
		};
/* End PBXFrameworksBuildPhase section */

/* Begin PBXGroup section */
		E53DCB061BCDE1FB00F7D3C2 = {
			isa = PBXGroup;
			children = (
				E53DCB111BCDE1FB00F7D3C2 /* NSXMLParser */,
				E53DCB101BCDE1FB00F7D3C2 /* Products */,
			);
			sourceTree = "<group>";
		};
		E53DCB101BCDE1FB00F7D3C2 /* Products */ = {
			isa = PBXGroup;
			children = (
				E53DCB0F1BCDE1FB00F7D3C2 /* NSXMLParser.app */,
			);
			name = Products;
			sourceTree = "<group>";
		};
		E53DCB111BCDE1FB00F7D3C2 /* NSXMLParser */ = {
			isa = PBXGroup;
			children = (
				E53DCB291BCDE34A00F7D3C2 /* File.xml */,
				E53DCB151BCDE1FB00F7D3C2 /* AppDelegate.h */,
				E53DCB161BCDE1FB00F7D3C2 /* AppDelegate.m */,
				E53DCB181BCDE1FB00F7D3C2 /* ViewController.h */,
				E53DCB191BCDE1FB00F7D3C2 /* ViewController.m */,
				E53DCB1B1BCDE1FB00F7D3C2 /* Main.storyboard */,
				E53DCB2B1BCDE7F500F7D3C2 /* ModalObj.h */,
				E53DCB2C1BCDE7F500F7D3C2 /* ModalObj.m */,
				E53DCB1E1BCDE1FB00F7D3C2 /* Assets.xcassets */,
				E53DCB201BCDE1FB00F7D3C2 /* LaunchScreen.storyboard */,
				E53DCB231BCDE1FB00F7D3C2 /* Info.plist */,
				E53DCB121BCDE1FB00F7D3C2 /* Supporting Files */,
			);
			path = NSXMLParser;
			sourceTree = "<group>";
		};
		E53DCB121BCDE1FB00F7D3C2 /* Supporting Files */ = {
			isa = PBXGroup;
			children = (
				E53DCB131BCDE1FB00F7D3C2 /* main.m */,
			);
			name = "Supporting Files";
			sourceTree = "<group>";
		};
/* End PBXGroup section */

/* Begin PBXNativeTarget section */
		E53DCB0E1BCDE1FB00F7D3C2 /* NSXMLParser */ = {
			isa = PBXNativeTarget;
			buildConfigurationList = E53DCB261BCDE1FB00F7D3C2 /* Build configuration list for PBXNativeTarget "NSXMLParser" */;
			buildPhases = (
				E53DCB0B1BCDE1FB00F7D3C2 /* Sources */,
				E53DCB0C1BCDE1FB00F7D3C2 /* Frameworks */,
				E53DCB0D1BCDE1FB00F7D3C2 /* Resources */,
			);
			buildRules = (
			);
			dependencies = (
			);
			name = NSXMLParser;
			productName = NSXMLParser;
			productReference = E53DCB0F1BCDE1FB00F7D3C2 /* NSXMLParser.app */;
			productType = "com.apple.product-type.application";
		};
/* End PBXNativeTarget section */

/* Begin PBXProject section */
		E53DCB071BCDE1FB00F7D3C2 /* Project object */ = {
			isa = PBXProject;
			attributes = {
				LastUpgradeCheck = 0700;
				ORGANIZATIONNAME = "张泽楠";
				TargetAttributes = {
					E53DCB0E1BCDE1FB00F7D3C2 = {
						CreatedOnToolsVersion = 7.0.1;
					};
				};
			};
			buildConfigurationList = E53DCB0A1BCDE1FB00F7D3C2 /* Build configuration list for PBXProject "NSXMLParser" */;
			compatibilityVersion = "Xcode 3.2";
			developmentRegion = English;
			hasScannedForEncodings = 0;
			knownRegions = (
				en,
				Base,
			);
			mainGroup = E53DCB061BCDE1FB00F7D3C2;
			productRefGroup = E53DCB101BCDE1FB00F7D3C2 /* Products */;
			projectDirPath = "";
			projectRoot = "";
			targets = (
				E53DCB0E1BCDE1FB00F7D3C2 /* NSXMLParser */,
			);
		};
/* End PBXProject section */

/* Begin PBXResourcesBuildPhase section */
		E53DCB0D1BCDE1FB00F7D3C2 /* Resources */ = {
			isa = PBXResourcesBuildPhase;
			buildActionMask = 2147483647;
			files = (
				E53DCB221BCDE1FB00F7D3C2 /* LaunchScreen.storyboard in Resources */,
				E53DCB1F1BCDE1FB00F7D3C2 /* Assets.xcassets in Resources */,
				E53DCB1D1BCDE1FB00F7D3C2 /* Main.storyboard in Resources */,
				E53DCB2A1BCDE34A00F7D3C2 /* File.xml in Resources */,
			);
			runOnlyForDeploymentPostprocessing = 0;
		};
/* End PBXResourcesBuildPhase section */

/* Begin PBXSourcesBuildPhase section */
		E53DCB0B1BCDE1FB00F7D3C2 /* Sources */ = {
			isa = PBXSourcesBuildPhase;
			buildActionMask = 2147483647;
			files = (
				E53DCB1A1BCDE1FB00F7D3C2 /* ViewController.m in Sources */,
				E53DCB2D1BCDE7F500F7D3C2 /* ModalObj.m in Sources */,
				E53DCB171BCDE1FB00F7D3C2 /* AppDelegate.m in Sources */,
				E53DCB141BCDE1FB00F7D3C2 /* main.m in Sources */,
			);
			runOnlyForDeploymentPostprocessing = 0;
		};
/* End PBXSourcesBuildPhase section */

/* Begin PBXVariantGroup section */
		E53DCB1B1BCDE1FB00F7D3C2 /* Main.storyboard */ = {
			isa = PBXVariantGroup;
			children = (
				E53DCB1C1BCDE1FB00F7D3C2 /* Base */,
			);
			name = Main.storyboard;
			sourceTree = "<group>";
		};
		E53DCB201BCDE1FB00F7D3C2 /* LaunchScreen.storyboard */ = {
			isa = PBXVariantGroup;
			children = (
				E53DCB211BCDE1FB00F7D3C2 /* Base */,
			);
			name = LaunchScreen.storyboard;
			sourceTree = "<group>";
		};
/* End PBXVariantGroup section */

/* Begin XCBuildConfiguration section */
		E53DCB241BCDE1FB00F7D3C2 /* Debug */ = {
			isa = XCBuildConfiguration;
			buildSettings = {
				ALWAYS_SEARCH_USER_PATHS = NO;
				CLANG_CXX_LANGUAGE_STANDARD = "gnu++0x";
				CLANG_CXX_LIBRARY = "libc++";
				CLANG_ENABLE_MODULES = YES;
				CLANG_ENABLE_OBJC_ARC = YES;
				CLANG_WARN_BOOL_CONVERSION = YES;
				CLANG_WARN_CONSTANT_CONVERSION = YES;
				CLANG_WARN_DIRECT_OBJC_ISA_USAGE = YES_ERROR;
				CLANG_WARN_EMPTY_BODY = YES;
				CLANG_WARN_ENUM_CONVERSION = YES;
				CLANG_WARN_INT_CONVERSION = YES;
				CLANG_WARN_OBJC_ROOT_CLASS = YES_ERROR;
				CLANG_WARN_UNREACHABLE_CODE = YES;
				CLANG_WARN__DUPLICATE_METHOD_MATCH = YES;
				"CODE_SIGN_IDENTITY[sdk=iphoneos*]" = "iPhone Developer";
				COPY_PHASE_STRIP = NO;
				DEBUG_INFORMATION_FORMAT = dwarf;
				ENABLE_STRICT_OBJC_MSGSEND = YES;
				ENABLE_TESTABILITY = YES;
				GCC_C_LANGUAGE_STANDARD = gnu99;
				GCC_DYNAMIC_NO_PIC = NO;
				GCC_NO_COMMON_BLOCKS = YES;
				GCC_OPTIMIZATION_LEVEL = 0;
				GCC_PREPROCESSOR_DEFINITIONS = (
					"DEBUG=1",
					"$(inherited)",
				);
				GCC_WARN_64_TO_32_BIT_CONVERSION = YES;
				GCC_WARN_ABOUT_RETURN_TYPE = YES_ERROR;
				GCC_WARN_UNDECLARED_SELECTOR = YES;
				GCC_WARN_UNINITIALIZED_AUTOS = YES_AGGRESSIVE;
				GCC_WARN_UNUSED_FUNCTION = YES;
				GCC_WARN_UNUSED_VARIABLE = YES;
				IPHONEOS_DEPLOYMENT_TARGET = 9.0;
				MTL_ENABLE_DEBUG_INFO = YES;
				ONLY_ACTIVE_ARCH = YES;
				SDKROOT = iphoneos;
			};
			name = Debug;
		};
		E53DCB251BCDE1FB00F7D3C2 /* Release */ = {
			isa = XCBuildConfiguration;
			buildSettings = {
				ALWAYS_SEARCH_USER_PATHS = NO;
				CLANG_CXX_LANGUAGE_STANDARD = "gnu++0x";
				CLANG_CXX_LIBRARY = "libc++";
				CLANG_ENABLE_MODULES = YES;
				CLANG_ENABLE_OBJC_ARC = YES;
				CLANG_WARN_BOOL_CONVERSION = YES;
				CLANG_WARN_CONSTANT_CONVERSION = YES;
				CLANG_WARN_DIRECT_OBJC_ISA_USAGE = YES_ERROR;
				CLANG_WARN_EMPTY_BODY = YES;
				CLANG_WARN_ENUM_CONVERSION = YES;
				CLANG_WARN_INT_CONVERSION = YES;
				CLANG_WARN_OBJC_ROOT_CLASS = YES_ERROR;
				CLANG_WARN_UNREACHABLE_CODE = YES;
				CLANG_WARN__DUPLICATE_METHOD_MATCH = YES;
				"CODE_SIGN_IDENTITY[sdk=iphoneos*]" = "iPhone Developer";
				COPY_PHASE_STRIP = NO;
				DEBUG_INFORMATION_FORMAT = "dwarf-with-dsym";
				ENABLE_NS_ASSERTIONS = NO;
				ENABLE_STRICT_OBJC_MSGSEND = YES;
				GCC_C_LANGUAGE_STANDARD = gnu99;
				GCC_NO_COMMON_BLOCKS = YES;
				GCC_WARN_64_TO_32_BIT_CONVERSION = YES;
				GCC_WARN_ABOUT_RETURN_TYPE = YES_ERROR;
				GCC_WARN_UNDECLARED_SELECTOR = YES;
				GCC_WARN_UNINITIALIZED_AUTOS = YES_AGGRESSIVE;
				GCC_WARN_UNUSED_FUNCTION = YES;
				GCC_WARN_UNUSED_VARIABLE = YES;
				IPHONEOS_DEPLOYMENT_TARGET = 9.0;
				MTL_ENABLE_DEBUG_INFO = NO;
				SDKROOT = iphoneos;
				VALIDATE_PRODUCT = YES;
			};
			name = Release;
		};
		E53DCB271BCDE1FB00F7D3C2 /* Debug */ = {
			isa = XCBuildConfiguration;
			buildSettings = {
				ASSETCATALOG_COMPILER_APPICON_NAME = AppIcon;
				CLANG_ENABLE_OBJC_ARC = NO;
				INFOPLIST_FILE = NSXMLParser/Info.plist;
				LD_RUNPATH_SEARCH_PATHS = "$(inherited) @executable_path/Frameworks";
				PRODUCT_BUNDLE_IDENTIFIER = com.baidu.NSXMLParser;
				PRODUCT_NAME = "$(TARGET_NAME)";
			};
			name = Debug;
		};
		E53DCB281BCDE1FB00F7D3C2 /* Release */ = {
			isa = XCBuildConfiguration;
			buildSettings = {
				ASSETCATALOG_COMPILER_APPICON_NAME = AppIcon;
				CLANG_ENABLE_OBJC_ARC = NO;
				INFOPLIST_FILE = NSXMLParser/Info.plist;
				LD_RUNPATH_SEARCH_PATHS = "$(inherited) @executable_path/Frameworks";
				PRODUCT_BUNDLE_IDENTIFIER = com.baidu.NSXMLParser;
				PRODUCT_NAME = "$(TARGET_NAME)";
			};
			name = Release;
		};
/* End XCBuildConfiguration section */

/* Begin XCConfigurationList section */
		E53DCB0A1BCDE1FB00F7D3C2 /* Build configuration list for PBXProject "NSXMLParser" */ = {
			isa = XCConfigurationList;
			buildConfigurations = (
				E53DCB241BCDE1FB00F7D3C2 /* Debug */,
				E53DCB251BCDE1FB00F7D3C2 /* Release */,
			);
			defaultConfigurationIsVisible = 0;
			defaultConfigurationName = Release;
		};
		E53DCB261BCDE1FB00F7D3C2 /* Build configuration list for PBXNativeTarget "NSXMLParser" */ = {
			isa = XCConfigurationList;
			buildConfigurations = (
				E53DCB271BCDE1FB00F7D3C2 /* Debug */,
				E53DCB281BCDE1FB00F7D3C2 /* Release */,
			);
			defaultConfigurationIsVisible = 0;
		};
/* End XCConfigurationList section */
	};
	rootObject = E53DCB071BCDE1FB00F7D3C2 /* Project object */;
}
